
Microsoft Visual Studio Solution File, Format Version 12.00
# Visual Studio 2013
VisualStudioVersion = 12.0.40629.0
MinimumVisualStudioVersion = 10.0.40219.1
Project("{FAE04EC0-301F-11D3-BF4B-00C04F79EFBC}") = "BeamProductionPlan", "BeamProductionPlan\BeamProductionPlan.csproj", "{72C6D098-4D7E-48E3-96EF-F91E8C6D334C}"
EndProject
Global
	GlobalSection(SolutionConfigurationPlatforms) = preSolution
		Debug|Any CPU = Debug|Any CPU
		Release|Any CPU = Release|Any CPU
	EndGlobalSection
	GlobalSection(ProjectConfigurationPlatforms) = postSolution
		{72C6D098-4D7E-48E3-96EF-F91E8C6D334C}.Debug|Any CPU.ActiveCfg = Debug|Any CPU
		{72C6D098-4D7E-48E3-96EF-F91E8C6D334C}.Debug|Any CPU.Build.0 = Debug|Any CPU
		{72C6D098-4D7E-48E3-96EF-F91E8C6D334C}.Release|Any CPU.ActiveCfg = Release|Any CPU
		{72C6D098-4D7E-48E3-96EF-F91E8C6D334C}.Release|Any CPU.Build.0 = Release|Any CPU
	EndGlobalSection
	GlobalSection(SolutionProperties) = preSolution
		HideSolutionNode = FALSE
	EndGlobalSection
EndGlobal
